
Microsoft Visual Studio Solution File, Format Version 12.00
# Visual Studio Version 17
VisualStudioVersion = 17.3.32825.248
MinimumVisualStudioVersion = 10.0.40219.1
Project("{FAE04EC0-301F-11D3-BF4B-00C04F79EFBC}") = "Calendar", "Calendar\Calendar.csproj", "{C07404F9-EB32-4422-AEF7-B2AF87D4231C}"
EndProject
Global
	GlobalSection(SolutionConfigurationPlatforms) = preSolution
		Debug|Any CPU = Debug|Any CPU
		Release|Any CPU = Release|Any CPU
	EndGlobalSection
	GlobalSection(ProjectConfigurationPlatforms) = postSolution
		{C07404F9-EB32-4422-AEF7-B2AF87D4231C}.Debug|Any CPU.ActiveCfg = Debug|Any CPU
		{C07404F9-EB32-4422-AEF7-B2AF87D4231C}.Debug|Any CPU.Build.0 = Debug|Any CPU
		{C07404F9-EB32-4422-AEF7-B2AF87D4231C}.Release|Any CPU.ActiveCfg = Release|Any CPU
		{C07404F9-EB32-4422-AEF7-B2AF87D4231C}.Release|Any CPU.Build.0 = Release|Any CPU
	EndGlobalSection
	GlobalSection(SolutionProperties) = preSolution
		HideSolutionNode = FALSE
	EndGlobalSection
	GlobalSection(ExtensibilityGlobals) = postSolution
		SolutionGuid = {24F509E8-D902-459B-AB52-F749BCA9BC90}
	EndGlobalSection
EndGlobal
